
Microsoft Visual Studio Solution File, Format Version 12.00
# Visual Studio Version 17
VisualStudioVersion = 17.3.32929.385
MinimumVisualStudioVersion = 10.0.40219.1
Project("{FAE04EC0-301F-11D3-BF4B-00C04F79EFBC}") = "NZWalks.API", "NZWalks.API\NZWalks.API.csproj", "{888C5263-113A-4822-A9AE-5066E3696E3A}"
EndProject
Global
	GlobalSection(SolutionConfigurationPlatforms) = preSolution
		Debug|Any CPU = Debug|Any CPU
		Release|Any CPU = Release|Any CPU
	EndGlobalSection
	GlobalSection(ProjectConfigurationPlatforms) = postSolution
		{888C5263-113A-4822-A9AE-5066E3696E3A}.Debug|Any CPU.ActiveCfg = Debug|Any CPU
		{888C5263-113A-4822-A9AE-5066E3696E3A}.Debug|Any CPU.Build.0 = Debug|Any CPU
		{888C5263-113A-4822-A9AE-5066E3696E3A}.Release|Any CPU.ActiveCfg = Release|Any CPU
		{888C5263-113A-4822-A9AE-5066E3696E3A}.Release|Any CPU.Build.0 = Release|Any CPU
	EndGlobalSection
	GlobalSection(SolutionProperties) = preSolution
		HideSolutionNode = FALSE
	EndGlobalSection
	GlobalSection(ExtensibilityGlobals) = postSolution
		SolutionGuid = {C4439331-B95D-48AA-AE3F-6E2CFA978FF4}
	EndGlobalSection
EndGlobal
